
Microsoft Visual Studio Solution File, Format Version 12.00
# Visual Studio Version 17
VisualStudioVersion = 17.1.31903.286
MinimumVisualStudioVersion = 10.0.40219.1
Project("{9A19103F-16F7-4668-BE54-9A1E7A4F7556}") = "SeedData", "SeedData\SeedData.csproj", "{785BA6FC-5428-40D4-8467-84CFE1A285FF}"
EndProject
Project("{9A19103F-16F7-4668-BE54-9A1E7A4F7556}") = "CommandReceiver", "CommandReceiver\CommandReceiver.csproj", "{A4FF16B1-BE8C-499E-918E-19255E3C86E5}"
EndProject
Project("{2150E333-8FDC-42A3-9474-1A3956D46DE8}") = "MultiPlatform", "MultiPlatform", "{387FCBBA-AD6A-4F91-BD15-4EAF6ECC4BE5}"
	ProjectSection(SolutionItems) = preProject
		Layout.md = Layout.md
	EndProjectSection
EndProject
Project("{2150E333-8FDC-42A3-9474-1A3956D46DE8}") = "AllInOne", "AllInOne", "{31894960-5C98-4FAF-81D1-580D2CFCDE8B}"
EndProject
Project("{9A19103F-16F7-4668-BE54-9A1E7A4F7556}") = "API", "API\API.csproj", "{12950B86-D11C-4009-9D5A-47291B09BE5E}"
EndProject
Project("{9A19103F-16F7-4668-BE54-9A1E7A4F7556}") = "APIContracts", "APIContracts\APIContracts.csproj", "{224C839E-2289-4E65-AA7F-85D81874F8BD}"
EndProject
Project("{9A19103F-16F7-4668-BE54-9A1E7A4F7556}") = "ProtobufContracts", "ProtobufContracts\ProtobufContracts.csproj", "{CFB0D27C-3234-4BCE-87FE-74D5CDDDF694}"
EndProject
Project("{9A19103F-16F7-4668-BE54-9A1E7A4F7556}") = "EventSourceContracts", "EventSourceContracts\EventSourceContracts.csproj", "{6E9AFD9A-6AF8-4765-8C2C-8562C07E0391}"
EndProject
Project("{9A19103F-16F7-4668-BE54-9A1E7A4F7556}") = "QueryProjector", "QueryProjector\QueryProjector.csproj", "{5F917716-DFDE-43F5-8253-8DC3BD8133D1}"
EndProject
Project("{2150E333-8FDC-42A3-9474-1A3956D46DE8}") = "Contracts", "Contracts", "{E906BE9B-FBB0-40D3-8A82-FE56BC265DFD}"
EndProject
Project("{FAE04EC0-301F-11D3-BF4B-00C04F79EFBC}") = "AllInOne", "AllInOne\AllInOne.csproj", "{E7A22334-FC06-4907-BC0B-52AB223E46E6}"
EndProject
Global
	GlobalSection(SolutionConfigurationPlatforms) = preSolution
		Debug|Any CPU = Debug|Any CPU
		Release|Any CPU = Release|Any CPU
	EndGlobalSection
	GlobalSection(ProjectConfigurationPlatforms) = postSolution
		{785BA6FC-5428-40D4-8467-84CFE1A285FF}.Debug|Any CPU.ActiveCfg = Debug|Any CPU
		{785BA6FC-5428-40D4-8467-84CFE1A285FF}.Debug|Any CPU.Build.0 = Debug|Any CPU
		{785BA6FC-5428-40D4-8467-84CFE1A285FF}.Release|Any CPU.ActiveCfg = Release|Any CPU
		{785BA6FC-5428-40D4-8467-84CFE1A285FF}.Release|Any CPU.Build.0 = Release|Any CPU
		{A4FF16B1-BE8C-499E-918E-19255E3C86E5}.Debug|Any CPU.ActiveCfg = Debug|Any CPU
		{A4FF16B1-BE8C-499E-918E-19255E3C86E5}.Debug|Any CPU.Build.0 = Debug|Any CPU
		{A4FF16B1-BE8C-499E-918E-19255E3C86E5}.Release|Any CPU.ActiveCfg = Release|Any CPU
		{A4FF16B1-BE8C-499E-918E-19255E3C86E5}.Release|Any CPU.Build.0 = Release|Any CPU
		{12950B86-D11C-4009-9D5A-47291B09BE5E}.Debug|Any CPU.ActiveCfg = Debug|Any CPU
		{12950B86-D11C-4009-9D5A-47291B09BE5E}.Debug|Any CPU.Build.0 = Debug|Any CPU
		{12950B86-D11C-4009-9D5A-47291B09BE5E}.Release|Any CPU.ActiveCfg = Release|Any CPU
		{12950B86-D11C-4009-9D5A-47291B09BE5E}.Release|Any CPU.Build.0 = Release|Any CPU
		{224C839E-2289-4E65-AA7F-85D81874F8BD}.Debug|Any CPU.ActiveCfg = Debug|Any CPU
		{224C839E-2289-4E65-AA7F-85D81874F8BD}.Debug|Any CPU.Build.0 = Debug|Any CPU
		{224C839E-2289-4E65-AA7F-85D81874F8BD}.Release|Any CPU.ActiveCfg = Release|Any CPU
		{224C839E-2289-4E65-AA7F-85D81874F8BD}.Release|Any CPU.Build.0 = Release|Any CPU
		{CFB0D27C-3234-4BCE-87FE-74D5CDDDF694}.Debug|Any CPU.ActiveCfg = Debug|Any CPU
		{CFB0D27C-3234-4BCE-87FE-74D5CDDDF694}.Debug|Any CPU.Build.0 = Debug|Any CPU
		{CFB0D27C-3234-4BCE-87FE-74D5CDDDF694}.Release|Any CPU.ActiveCfg = Release|Any CPU
		{CFB0D27C-3234-4BCE-87FE-74D5CDDDF694}.Release|Any CPU.Build.0 = Release|Any CPU
		{6E9AFD9A-6AF8-4765-8C2C-8562C07E0391}.Debug|Any CPU.ActiveCfg = Debug|Any CPU
		{6E9AFD9A-6AF8-4765-8C2C-8562C07E0391}.Debug|Any CPU.Build.0 = Debug|Any CPU
		{6E9AFD9A-6AF8-4765-8C2C-8562C07E0391}.Release|Any CPU.ActiveCfg = Release|Any CPU
		{6E9AFD9A-6AF8-4765-8C2C-8562C07E0391}.Release|Any CPU.Build.0 = Release|Any CPU
		{5F917716-DFDE-43F5-8253-8DC3BD8133D1}.Debug|Any CPU.ActiveCfg = Debug|Any CPU
		{5F917716-DFDE-43F5-8253-8DC3BD8133D1}.Debug|Any CPU.Build.0 = Debug|Any CPU
		{5F917716-DFDE-43F5-8253-8DC3BD8133D1}.Release|Any CPU.ActiveCfg = Release|Any CPU
		{5F917716-DFDE-43F5-8253-8DC3BD8133D1}.Release|Any CPU.Build.0 = Release|Any CPU
		{E7A22334-FC06-4907-BC0B-52AB223E46E6}.Debug|Any CPU.ActiveCfg = Debug|Any CPU
		{E7A22334-FC06-4907-BC0B-52AB223E46E6}.Debug|Any CPU.Build.0 = Debug|Any CPU
		{E7A22334-FC06-4907-BC0B-52AB223E46E6}.Release|Any CPU.ActiveCfg = Release|Any CPU
		{E7A22334-FC06-4907-BC0B-52AB223E46E6}.Release|Any CPU.Build.0 = Release|Any CPU
	EndGlobalSection
	GlobalSection(SolutionProperties) = preSolution
		HideSolutionNode = FALSE
	EndGlobalSection
	GlobalSection(NestedProjects) = preSolution
		{785BA6FC-5428-40D4-8467-84CFE1A285FF} = {31894960-5C98-4FAF-81D1-580D2CFCDE8B}
		{A4FF16B1-BE8C-499E-918E-19255E3C86E5} = {387FCBBA-AD6A-4F91-BD15-4EAF6ECC4BE5}
		{12950B86-D11C-4009-9D5A-47291B09BE5E} = {387FCBBA-AD6A-4F91-BD15-4EAF6ECC4BE5}
		{224C839E-2289-4E65-AA7F-85D81874F8BD} = {E906BE9B-FBB0-40D3-8A82-FE56BC265DFD}
		{CFB0D27C-3234-4BCE-87FE-74D5CDDDF694} = {E906BE9B-FBB0-40D3-8A82-FE56BC265DFD}
		{6E9AFD9A-6AF8-4765-8C2C-8562C07E0391} = {E906BE9B-FBB0-40D3-8A82-FE56BC265DFD}
		{5F917716-DFDE-43F5-8253-8DC3BD8133D1} = {387FCBBA-AD6A-4F91-BD15-4EAF6ECC4BE5}
		{E906BE9B-FBB0-40D3-8A82-FE56BC265DFD} = {387FCBBA-AD6A-4F91-BD15-4EAF6ECC4BE5}
		{E7A22334-FC06-4907-BC0B-52AB223E46E6} = {31894960-5C98-4FAF-81D1-580D2CFCDE8B}
	EndGlobalSection
	GlobalSection(ExtensibilityGlobals) = postSolution
		SolutionGuid = {4196C151-1354-4095-9706-C710BE9E2136}
	EndGlobalSection
EndGlobal
