
Microsoft Visual Studio Solution File, Format Version 12.00
# Visual Studio Version 17
VisualStudioVersion = 17.1.31903.286
MinimumVisualStudioVersion = 10.0.40219.1
Project("{9A19103F-16F7-4668-BE54-9A1E7A4F7556}") = "SeedData", "SeedData\SeedData.csproj", "{785BA6FC-5428-40D4-8467-84CFE1A285FF}"
EndProject
Project("{2150E333-8FDC-42A3-9474-1A3956D46DE8}") = "AllInOne", "AllInOne", "{31894960-5C98-4FAF-81D1-580D2CFCDE8B}"
EndProject
Project("{9A19103F-16F7-4668-BE54-9A1E7A4F7556}") = "AllInOne", "AllInOne\AllInOne.csproj", "{E7A22334-FC06-4907-BC0B-52AB223E46E6}"
EndProject
Project("{2150E333-8FDC-42A3-9474-1A3956D46DE8}") = "Splitted", "Splitted", "{AF67391B-59D0-4F54-A0A9-C24AA769BDC0}"
EndProject
Project("{9A19103F-16F7-4668-BE54-9A1E7A4F7556}") = "Contracts", "Contracts\Contracts.csproj", "{BBD7CEDA-FA68-4F64-8ABE-8CB705F59117}"
EndProject
Project("{9A19103F-16F7-4668-BE54-9A1E7A4F7556}") = "Models", "Models\Models.csproj", "{3AE380B8-2ED2-4362-AFFD-AEA6408BCBCF}"
EndProject
Project("{9A19103F-16F7-4668-BE54-9A1E7A4F7556}") = "Dtos", "Dtos\Dtos.csproj", "{01027F33-0A29-417A-9FF2-AD903F9538B9}"
EndProject
Project("{9A19103F-16F7-4668-BE54-9A1E7A4F7556}") = "SplittedApi", "SplittedApi\SplittedApi.csproj", "{0A760BA3-B0F7-4CA0-B445-42148D34E856}"
EndProject
Project("{9A19103F-16F7-4668-BE54-9A1E7A4F7556}") = "SplittedCommandExecutor", "SplittedCommandExecutor\SplittedCommandExecutor.csproj", "{8D9C97DE-7A51-47A1-9C8C-3E3196F3594D}"
EndProject
Project("{9A19103F-16F7-4668-BE54-9A1E7A4F7556}") = "Common", "Common\Common.csproj", "{8072B574-D555-4FFE-8368-E2C74F3F43B8}"
EndProject
Project("{9A19103F-16F7-4668-BE54-9A1E7A4F7556}") = "WeatherForecastsDb", "WeatherForecastsDb\WeatherForecastsDb.csproj", "{97D8DD91-760A-4BEA-AE4C-E873409B309E}"
EndProject
Project("{9A19103F-16F7-4668-BE54-9A1E7A4F7556}") = "Microsoft.Extensions.NATS", "Microsoft.Extensions.NATS\Microsoft.Extensions.NATS.csproj", "{29C4EA15-7F16-4272-BC2B-91B530A1EB9C}"
EndProject
Project("{9A19103F-16F7-4668-BE54-9A1E7A4F7556}") = "QueryMediators", "QueryMediators\QueryMediators.csproj", "{3671CCB4-B9F1-4518-A182-49502306AFB2}"
EndProject
Project("{9A19103F-16F7-4668-BE54-9A1E7A4F7556}") = "CommandMediators", "CommandMediators\CommandMediators.csproj", "{B7C03BD5-9C13-4AA6-9500-A52372AEDF51}"
EndProject
Project("{2150E333-8FDC-42A3-9474-1A3956D46DE8}") = "CommandSide", "CommandSide", "{0A5EE272-4493-4900-A51E-58860D4DC52B}"
EndProject
Project("{2150E333-8FDC-42A3-9474-1A3956D46DE8}") = "Common", "Common", "{91FD6D02-030B-4598-9C3F-7DC0F01ED157}"
EndProject
Project("{2150E333-8FDC-42A3-9474-1A3956D46DE8}") = "QuerySide", "QuerySide", "{FDAFB79A-C813-48A0-AB11-911A309CDEAE}"
EndProject
Project("{2150E333-8FDC-42A3-9474-1A3956D46DE8}") = "Applications", "Applications", "{55C7B979-AD2F-46D2-8028-C21227CD2BD8}"
EndProject
Project("{2150E333-8FDC-42A3-9474-1A3956D46DE8}") = "TestNatsJetStream", "TestNatsJetStream", "{47558FCC-3657-48D6-8A9B-5C123CD4B186}"
EndProject
Project("{9A19103F-16F7-4668-BE54-9A1E7A4F7556}") = "Send", "Send\Send.csproj", "{FE60B22C-9BAF-4801-9BB1-FE07A3C02E76}"
EndProject
Project("{9A19103F-16F7-4668-BE54-9A1E7A4F7556}") = "Receive", "Receive\Receive.csproj", "{A7248B73-5734-411D-A590-EFC8FCC9CD50}"
EndProject
Project("{9A19103F-16F7-4668-BE54-9A1E7A4F7556}") = "Mappers", "Mappers\Mappers.csproj", "{D5E12EBF-CD82-4F16-A7E4-AB4990B90BF2}"
EndProject
Global
	GlobalSection(SolutionConfigurationPlatforms) = preSolution
		Debug|Any CPU = Debug|Any CPU
		Release|Any CPU = Release|Any CPU
	EndGlobalSection
	GlobalSection(ProjectConfigurationPlatforms) = postSolution
		{785BA6FC-5428-40D4-8467-84CFE1A285FF}.Debug|Any CPU.ActiveCfg = Debug|Any CPU
		{785BA6FC-5428-40D4-8467-84CFE1A285FF}.Debug|Any CPU.Build.0 = Debug|Any CPU
		{785BA6FC-5428-40D4-8467-84CFE1A285FF}.Release|Any CPU.ActiveCfg = Release|Any CPU
		{785BA6FC-5428-40D4-8467-84CFE1A285FF}.Release|Any CPU.Build.0 = Release|Any CPU
		{E7A22334-FC06-4907-BC0B-52AB223E46E6}.Debug|Any CPU.ActiveCfg = Debug|Any CPU
		{E7A22334-FC06-4907-BC0B-52AB223E46E6}.Debug|Any CPU.Build.0 = Debug|Any CPU
		{E7A22334-FC06-4907-BC0B-52AB223E46E6}.Release|Any CPU.ActiveCfg = Release|Any CPU
		{E7A22334-FC06-4907-BC0B-52AB223E46E6}.Release|Any CPU.Build.0 = Release|Any CPU
		{BBD7CEDA-FA68-4F64-8ABE-8CB705F59117}.Debug|Any CPU.ActiveCfg = Debug|Any CPU
		{BBD7CEDA-FA68-4F64-8ABE-8CB705F59117}.Debug|Any CPU.Build.0 = Debug|Any CPU
		{BBD7CEDA-FA68-4F64-8ABE-8CB705F59117}.Release|Any CPU.ActiveCfg = Release|Any CPU
		{BBD7CEDA-FA68-4F64-8ABE-8CB705F59117}.Release|Any CPU.Build.0 = Release|Any CPU
		{3AE380B8-2ED2-4362-AFFD-AEA6408BCBCF}.Debug|Any CPU.ActiveCfg = Debug|Any CPU
		{3AE380B8-2ED2-4362-AFFD-AEA6408BCBCF}.Debug|Any CPU.Build.0 = Debug|Any CPU
		{3AE380B8-2ED2-4362-AFFD-AEA6408BCBCF}.Release|Any CPU.ActiveCfg = Release|Any CPU
		{3AE380B8-2ED2-4362-AFFD-AEA6408BCBCF}.Release|Any CPU.Build.0 = Release|Any CPU
		{01027F33-0A29-417A-9FF2-AD903F9538B9}.Debug|Any CPU.ActiveCfg = Debug|Any CPU
		{01027F33-0A29-417A-9FF2-AD903F9538B9}.Debug|Any CPU.Build.0 = Debug|Any CPU
		{01027F33-0A29-417A-9FF2-AD903F9538B9}.Release|Any CPU.ActiveCfg = Release|Any CPU
		{01027F33-0A29-417A-9FF2-AD903F9538B9}.Release|Any CPU.Build.0 = Release|Any CPU
		{0A760BA3-B0F7-4CA0-B445-42148D34E856}.Debug|Any CPU.ActiveCfg = Debug|Any CPU
		{0A760BA3-B0F7-4CA0-B445-42148D34E856}.Debug|Any CPU.Build.0 = Debug|Any CPU
		{0A760BA3-B0F7-4CA0-B445-42148D34E856}.Release|Any CPU.ActiveCfg = Release|Any CPU
		{0A760BA3-B0F7-4CA0-B445-42148D34E856}.Release|Any CPU.Build.0 = Release|Any CPU
		{8D9C97DE-7A51-47A1-9C8C-3E3196F3594D}.Debug|Any CPU.ActiveCfg = Debug|Any CPU
		{8D9C97DE-7A51-47A1-9C8C-3E3196F3594D}.Debug|Any CPU.Build.0 = Debug|Any CPU
		{8D9C97DE-7A51-47A1-9C8C-3E3196F3594D}.Release|Any CPU.ActiveCfg = Release|Any CPU
		{8D9C97DE-7A51-47A1-9C8C-3E3196F3594D}.Release|Any CPU.Build.0 = Release|Any CPU
		{8072B574-D555-4FFE-8368-E2C74F3F43B8}.Debug|Any CPU.ActiveCfg = Debug|Any CPU
		{8072B574-D555-4FFE-8368-E2C74F3F43B8}.Debug|Any CPU.Build.0 = Debug|Any CPU
		{8072B574-D555-4FFE-8368-E2C74F3F43B8}.Release|Any CPU.ActiveCfg = Release|Any CPU
		{8072B574-D555-4FFE-8368-E2C74F3F43B8}.Release|Any CPU.Build.0 = Release|Any CPU
		{97D8DD91-760A-4BEA-AE4C-E873409B309E}.Debug|Any CPU.ActiveCfg = Debug|Any CPU
		{97D8DD91-760A-4BEA-AE4C-E873409B309E}.Debug|Any CPU.Build.0 = Debug|Any CPU
		{97D8DD91-760A-4BEA-AE4C-E873409B309E}.Release|Any CPU.ActiveCfg = Release|Any CPU
		{97D8DD91-760A-4BEA-AE4C-E873409B309E}.Release|Any CPU.Build.0 = Release|Any CPU
		{29C4EA15-7F16-4272-BC2B-91B530A1EB9C}.Debug|Any CPU.ActiveCfg = Debug|Any CPU
		{29C4EA15-7F16-4272-BC2B-91B530A1EB9C}.Debug|Any CPU.Build.0 = Debug|Any CPU
		{29C4EA15-7F16-4272-BC2B-91B530A1EB9C}.Release|Any CPU.ActiveCfg = Release|Any CPU
		{29C4EA15-7F16-4272-BC2B-91B530A1EB9C}.Release|Any CPU.Build.0 = Release|Any CPU
		{3671CCB4-B9F1-4518-A182-49502306AFB2}.Debug|Any CPU.ActiveCfg = Debug|Any CPU
		{3671CCB4-B9F1-4518-A182-49502306AFB2}.Debug|Any CPU.Build.0 = Debug|Any CPU
		{3671CCB4-B9F1-4518-A182-49502306AFB2}.Release|Any CPU.ActiveCfg = Release|Any CPU
		{3671CCB4-B9F1-4518-A182-49502306AFB2}.Release|Any CPU.Build.0 = Release|Any CPU
		{B7C03BD5-9C13-4AA6-9500-A52372AEDF51}.Debug|Any CPU.ActiveCfg = Debug|Any CPU
		{B7C03BD5-9C13-4AA6-9500-A52372AEDF51}.Debug|Any CPU.Build.0 = Debug|Any CPU
		{B7C03BD5-9C13-4AA6-9500-A52372AEDF51}.Release|Any CPU.ActiveCfg = Release|Any CPU
		{B7C03BD5-9C13-4AA6-9500-A52372AEDF51}.Release|Any CPU.Build.0 = Release|Any CPU
		{FE60B22C-9BAF-4801-9BB1-FE07A3C02E76}.Debug|Any CPU.ActiveCfg = Debug|Any CPU
		{FE60B22C-9BAF-4801-9BB1-FE07A3C02E76}.Debug|Any CPU.Build.0 = Debug|Any CPU
		{FE60B22C-9BAF-4801-9BB1-FE07A3C02E76}.Release|Any CPU.ActiveCfg = Release|Any CPU
		{FE60B22C-9BAF-4801-9BB1-FE07A3C02E76}.Release|Any CPU.Build.0 = Release|Any CPU
		{A7248B73-5734-411D-A590-EFC8FCC9CD50}.Debug|Any CPU.ActiveCfg = Debug|Any CPU
		{A7248B73-5734-411D-A590-EFC8FCC9CD50}.Debug|Any CPU.Build.0 = Debug|Any CPU
		{A7248B73-5734-411D-A590-EFC8FCC9CD50}.Release|Any CPU.ActiveCfg = Release|Any CPU
		{A7248B73-5734-411D-A590-EFC8FCC9CD50}.Release|Any CPU.Build.0 = Release|Any CPU
		{D5E12EBF-CD82-4F16-A7E4-AB4990B90BF2}.Debug|Any CPU.ActiveCfg = Debug|Any CPU
		{D5E12EBF-CD82-4F16-A7E4-AB4990B90BF2}.Debug|Any CPU.Build.0 = Debug|Any CPU
		{D5E12EBF-CD82-4F16-A7E4-AB4990B90BF2}.Release|Any CPU.ActiveCfg = Release|Any CPU
		{D5E12EBF-CD82-4F16-A7E4-AB4990B90BF2}.Release|Any CPU.Build.0 = Release|Any CPU
	EndGlobalSection
	GlobalSection(SolutionProperties) = preSolution
		HideSolutionNode = FALSE
	EndGlobalSection
	GlobalSection(NestedProjects) = preSolution
		{785BA6FC-5428-40D4-8467-84CFE1A285FF} = {31894960-5C98-4FAF-81D1-580D2CFCDE8B}
		{E7A22334-FC06-4907-BC0B-52AB223E46E6} = {31894960-5C98-4FAF-81D1-580D2CFCDE8B}
		{BBD7CEDA-FA68-4F64-8ABE-8CB705F59117} = {91FD6D02-030B-4598-9C3F-7DC0F01ED157}
		{3AE380B8-2ED2-4362-AFFD-AEA6408BCBCF} = {91FD6D02-030B-4598-9C3F-7DC0F01ED157}
		{01027F33-0A29-417A-9FF2-AD903F9538B9} = {91FD6D02-030B-4598-9C3F-7DC0F01ED157}
		{0A760BA3-B0F7-4CA0-B445-42148D34E856} = {55C7B979-AD2F-46D2-8028-C21227CD2BD8}
		{8D9C97DE-7A51-47A1-9C8C-3E3196F3594D} = {55C7B979-AD2F-46D2-8028-C21227CD2BD8}
		{8072B574-D555-4FFE-8368-E2C74F3F43B8} = {91FD6D02-030B-4598-9C3F-7DC0F01ED157}
		{97D8DD91-760A-4BEA-AE4C-E873409B309E} = {0A5EE272-4493-4900-A51E-58860D4DC52B}
		{29C4EA15-7F16-4272-BC2B-91B530A1EB9C} = {0A5EE272-4493-4900-A51E-58860D4DC52B}
		{3671CCB4-B9F1-4518-A182-49502306AFB2} = {FDAFB79A-C813-48A0-AB11-911A309CDEAE}
		{B7C03BD5-9C13-4AA6-9500-A52372AEDF51} = {0A5EE272-4493-4900-A51E-58860D4DC52B}
		{0A5EE272-4493-4900-A51E-58860D4DC52B} = {AF67391B-59D0-4F54-A0A9-C24AA769BDC0}
		{91FD6D02-030B-4598-9C3F-7DC0F01ED157} = {AF67391B-59D0-4F54-A0A9-C24AA769BDC0}
		{FDAFB79A-C813-48A0-AB11-911A309CDEAE} = {AF67391B-59D0-4F54-A0A9-C24AA769BDC0}
		{55C7B979-AD2F-46D2-8028-C21227CD2BD8} = {AF67391B-59D0-4F54-A0A9-C24AA769BDC0}
		{FE60B22C-9BAF-4801-9BB1-FE07A3C02E76} = {47558FCC-3657-48D6-8A9B-5C123CD4B186}
		{A7248B73-5734-411D-A590-EFC8FCC9CD50} = {47558FCC-3657-48D6-8A9B-5C123CD4B186}
		{D5E12EBF-CD82-4F16-A7E4-AB4990B90BF2} = {91FD6D02-030B-4598-9C3F-7DC0F01ED157}
	EndGlobalSection
	GlobalSection(ExtensibilityGlobals) = postSolution
		SolutionGuid = {4196C151-1354-4095-9706-C710BE9E2136}
	EndGlobalSection
EndGlobal
